schema: '2.0'
stages:
  load_data:
    cmd: python src/load_data.py --config=params.yaml
    deps:
    - path: data_given/CarPrice.csv
      md5: 289507f33023319d8fd17544fcf079b5
      size: 9523
    - path: src/get_data.py
      md5: db7730736da9e3274083bc90eccf7000
      size: 656
    - path: src/load_data.py
      md5: bf9ea6e0fcd2ef3899ba4c7d8292dec1
      size: 648
    outs:
    - path: data/raw/CarPrice.csv
      md5: 25e33ce1867e83cf77b8aad875b68ed4
      size: 9533
